
Microsoft Visual Studio Solution File, Format Version 12.00
# Visual Studio 15
VisualStudioVersion = 15.0.28307.1169
MinimumVisualStudioVersion = 10.0.40219.1
Project("{8BC9CEB8-8B4A-11D0-8D11-00A0C91BC942}") = "FFmpegCodec", "FFmpegCodec\FFmpegCodec.vcxproj", "{B5C06415-BC78-4DE6-B6AD-9E0AB68A2783}"
EndProject
Project("{8BC9CEB8-8B4A-11D0-8D11-00A0C91BC942}") = "ApiTest", "ApiTest\ApiTest.vcxproj", "{2445C99E-732F-45EB-B68B-0C3E517F8F14}"
EndProject
Global
	GlobalSection(SolutionConfigurationPlatforms) = preSolution
		Debug|x64 = Debug|x64
		Debug|x86 = Debug|x86
		Release|x64 = Release|x64
		Release|x86 = Release|x86
	EndGlobalSection
	GlobalSection(ProjectConfigurationPlatforms) = postSolution
		{B5C06415-BC78-4DE6-B6AD-9E0AB68A2783}.Debug|x64.ActiveCfg = Debug|x64
		{B5C06415-BC78-4DE6-B6AD-9E0AB68A2783}.Debug|x64.Build.0 = Debug|x64
		{B5C06415-BC78-4DE6-B6AD-9E0AB68A2783}.Debug|x86.ActiveCfg = Debug|Win32
		{B5C06415-BC78-4DE6-B6AD-9E0AB68A2783}.Debug|x86.Build.0 = Debug|Win32
		{B5C06415-BC78-4DE6-B6AD-9E0AB68A2783}.Release|x64.ActiveCfg = Release|x64
		{B5C06415-BC78-4DE6-B6AD-9E0AB68A2783}.Release|x64.Build.0 = Release|x64
		{B5C06415-BC78-4DE6-B6AD-9E0AB68A2783}.Release|x86.ActiveCfg = Release|Win32
		{B5C06415-BC78-4DE6-B6AD-9E0AB68A2783}.Release|x86.Build.0 = Release|Win32
		{2445C99E-732F-45EB-B68B-0C3E517F8F14}.Debug|x64.ActiveCfg = Debug|x64
		{2445C99E-732F-45EB-B68B-0C3E517F8F14}.Debug|x64.Build.0 = Debug|x64
		{2445C99E-732F-45EB-B68B-0C3E517F8F14}.Debug|x86.ActiveCfg = Debug|Win32
		{2445C99E-732F-45EB-B68B-0C3E517F8F14}.Debug|x86.Build.0 = Debug|Win32
		{2445C99E-732F-45EB-B68B-0C3E517F8F14}.Release|x64.ActiveCfg = Release|x64
		{2445C99E-732F-45EB-B68B-0C3E517F8F14}.Release|x64.Build.0 = Release|x64
		{2445C99E-732F-45EB-B68B-0C3E517F8F14}.Release|x86.ActiveCfg = Release|Win32
		{2445C99E-732F-45EB-B68B-0C3E517F8F14}.Release|x86.Build.0 = Release|Win32
	EndGlobalSection
	GlobalSection(SolutionProperties) = preSolution
		HideSolutionNode = FALSE
	EndGlobalSection
	GlobalSection(ExtensibilityGlobals) = postSolution
		SolutionGuid = {4E42FB00-C7CB-44EC-B51F-235922AD7BDD}
	EndGlobalSection
EndGlobal
